
Microsoft Visual Studio Solution File, Format Version 12.00
# Visual Studio Version 16
VisualStudioVersion = 16.0.30011.22
MinimumVisualStudioVersion = 10.0.40219.1
Project("{9A19103F-16F7-4668-BE54-9A1E7A4F7556}") = "PowerAssinger", "PowerAssinger.csproj", "{AFF301AC-8983-424F-A095-A51E5F659025}"
EndProject
Global
	GlobalSection(SolutionConfigurationPlatforms) = preSolution
		Debug|Any CPU = Debug|Any CPU
		Release|Any CPU = Release|Any CPU
	EndGlobalSection
	GlobalSection(ProjectConfigurationPlatforms) = postSolution
		{AFF301AC-8983-424F-A095-A51E5F659025}.Debug|Any CPU.ActiveCfg = Debug|Any CPU
		{AFF301AC-8983-424F-A095-A51E5F659025}.Debug|Any CPU.Build.0 = Debug|Any CPU
		{AFF301AC-8983-424F-A095-A51E5F659025}.Release|Any CPU.ActiveCfg = Release|Any CPU
		{AFF301AC-8983-424F-A095-A51E5F659025}.Release|Any CPU.Build.0 = Release|Any CPU
	EndGlobalSection
	GlobalSection(SolutionProperties) = preSolution
		HideSolutionNode = FALSE
	EndGlobalSection
	GlobalSection(ExtensibilityGlobals) = postSolution
		SolutionGuid = {924A576B-AA9B-47E4-B937-5732A38316BE}
	EndGlobalSection
EndGlobal
